
Microsoft Visual Studio Solution File, Format Version 12.00
# Visual Studio 15
VisualStudioVersion = 15.0.28010.2026
MinimumVisualStudioVersion = 10.0.40219.1
Project("{F184B08F-C81C-45F6-A57F-5ABD9991F28F}") = "Assignment2_Trevor_Buza_Git", "Assignment2_Trevor_Buza_Git\Assignment2_Trevor_Buza_Git.vbproj", "{5C4442F6-6AD8-4914-975D-1BEA348FC820}"
EndProject
Global
	GlobalSection(SolutionConfigurationPlatforms) = preSolution
		Debug|Any CPU = Debug|Any CPU
		Release|Any CPU = Release|Any CPU
	EndGlobalSection
	GlobalSection(ProjectConfigurationPlatforms) = postSolution
		{5C4442F6-6AD8-4914-975D-1BEA348FC820}.Debug|Any CPU.ActiveCfg = Debug|Any CPU
		{5C4442F6-6AD8-4914-975D-1BEA348FC820}.Debug|Any CPU.Build.0 = Debug|Any CPU
		{5C4442F6-6AD8-4914-975D-1BEA348FC820}.Release|Any CPU.ActiveCfg = Release|Any CPU
		{5C4442F6-6AD8-4914-975D-1BEA348FC820}.Release|Any CPU.Build.0 = Release|Any CPU
	EndGlobalSection
	GlobalSection(SolutionProperties) = preSolution
		HideSolutionNode = FALSE
	EndGlobalSection
	GlobalSection(ExtensibilityGlobals) = postSolution
		SolutionGuid = {7AE8F819-18E2-4443-98A0-442093FFCAE9}
	EndGlobalSection
EndGlobal
